
Microsoft Visual Studio Solution File, Format Version 12.00
# Visual Studio Version 16
VisualStudioVersion = 16.0.29306.81
MinimumVisualStudioVersion = 10.0.40219.1
Project("{FAE04EC0-301F-11D3-BF4B-00C04F79EFBC}") = "ItemSetupAutomationPlatform", "ItemSetupAutomationPlatform\ItemSetupAutomationPlatform.csproj", "{A885E27C-D708-4CA5-A244-3121B5B27564}"
EndProject
Global
	GlobalSection(SolutionConfigurationPlatforms) = preSolution
		Debug|Any CPU = Debug|Any CPU
		Release|Any CPU = Release|Any CPU
	EndGlobalSection
	GlobalSection(ProjectConfigurationPlatforms) = postSolution
		{A885E27C-D708-4CA5-A244-3121B5B27564}.Debug|Any CPU.ActiveCfg = Debug|Any CPU
		{A885E27C-D708-4CA5-A244-3121B5B27564}.Debug|Any CPU.Build.0 = Debug|Any CPU
		{A885E27C-D708-4CA5-A244-3121B5B27564}.Release|Any CPU.ActiveCfg = Release|Any CPU
		{A885E27C-D708-4CA5-A244-3121B5B27564}.Release|Any CPU.Build.0 = Release|Any CPU
	EndGlobalSection
	GlobalSection(SolutionProperties) = preSolution
		HideSolutionNode = FALSE
	EndGlobalSection
	GlobalSection(ExtensibilityGlobals) = postSolution
		SolutionGuid = {11221081-DB2E-4615-945E-6D67858EDCCF}
	EndGlobalSection
EndGlobal
